
Microsoft Visual Studio Solution File, Format Version 12.00
# Visual Studio 14
VisualStudioVersion = 14.0.23107.0
MinimumVisualStudioVersion = 10.0.40219.1
Project("{FAE04EC0-301F-11D3-BF4B-00C04F79EFBC}") = "RawBencher", "RawBencher\RawBencher.csproj", "{A4AA317A-6958-4D0C-B2EE-026005FD2C2E}"
EndProject
Project("{FAE04EC0-301F-11D3-BF4B-00C04F79EFBC}") = "NH.Bencher.Model", "NH\DAL\Model\NH.Bencher.Model.csproj", "{45DAEB56-B84D-4D7A-BF22-293F1CE07DBB}"
EndProject
Project("{FAE04EC0-301F-11D3-BF4B-00C04F79EFBC}") = "NH.Bencher.Persistence", "NH\DAL\Persistence\NH.Bencher.Persistence.csproj", "{3E9CA88C-03EC-445A-960A-242511B6EF55}"
EndProject
Project("{FAE04EC0-301F-11D3-BF4B-00C04F79EFBC}") = "L2S.Bencher", "L2S\DAL\L2S.Bencher.csproj", "{59322C25-FCC6-4635-A7AD-DC811F2FD1E0}"
EndProject
Project("{FAE04EC0-301F-11D3-BF4B-00C04F79EFBC}") = "EF6.Bencher.Model", "EF6\Model\EF6.Bencher.Model.csproj", "{6524B78A-CA15-41A8-80FA-216A5C99A369}"
EndProject
Project("{FAE04EC0-301F-11D3-BF4B-00C04F79EFBC}") = "EF6.Bencher.Persistence", "EF6\Persistence\EF6.Bencher.Persistence.csproj", "{AC909E22-26D0-47CF-98BC-DD07309D3A77}"
EndProject
Project("{FAE04EC0-301F-11D3-BF4B-00C04F79EFBC}") = "OakDynamicDb.Bencher", "OakDynamicDb.Bencher\OakDynamicDb.Bencher.csproj", "{106CED47-76BC-477E-9FFF-3E6042F874EB}"
EndProject
Project("{8BB2217D-0F2D-49D1-97BC-3654ED321F3B}") = "RawBencher.DNX", "RawBencher.DNX\RawBencher.DNX.xproj", "{C5FD24A4-9E79-426D-BD58-754CF2403CD5}"
EndProject
Project("{FAE04EC0-301F-11D3-BF4B-00C04F79EFBC}") = "EF7.Bencher.Model", "EF7.Bencher.Model\EF7.Bencher.Model.csproj", "{6E36AEC5-29FE-4B53-9C46-AB6FC7075094}"
EndProject
Project("{2150E333-8FDC-42A3-9474-1A3956D46DE8}") = "Solution Items", "Solution Items", "{29788813-A6DD-46FE-88B9-831F74EF2501}"
	ProjectSection(SolutionItems) = preProject
		RawBencher.DNX\global.json = RawBencher.DNX\global.json
	EndProjectSection
EndProject
Project("{FAE04EC0-301F-11D3-BF4B-00C04F79EFBC}") = "LINQ2DB.Bencher", "LINQ2DB\DAL\LINQ2DB.Bencher.csproj", "{06C162E5-0476-40F4-A705-8B5C265BFB68}"
EndProject
Project("{FAE04EC0-301F-11D3-BF4B-00C04F79EFBC}") = "AdventureWorks.Dal.Adapter.v50", "LLBLGen50\AdventureWorks.Dal.Adapter.v50.csproj", "{589781E8-72E7-49D5-980A-335E7F567F65}"
EndProject
Project("{FAE04EC0-301F-11D3-BF4B-00C04F79EFBC}") = "AdventureWorks.Dal.Adapter.v50DBSpecific", "LLBLGen50\AdventureWorks.Dal.Adapter.v50DBSpecific.csproj", "{70CAAB6F-36C0-46BF-8758-94D73A1BAF98}"
EndProject
Global
	GlobalSection(SolutionConfigurationPlatforms) = preSolution
		Debug|.NET = Debug|.NET
		Debug|Any CPU = Debug|Any CPU
		Debug|Mixed Platforms = Debug|Mixed Platforms
		Release|.NET = Release|.NET
		Release|Any CPU = Release|Any CPU
		Release|Mixed Platforms = Release|Mixed Platforms
	EndGlobalSection
	GlobalSection(ProjectConfigurationPlatforms) = postSolution
		{A4AA317A-6958-4D0C-B2EE-026005FD2C2E}.Debug|.NET.ActiveCfg = Debug|Any CPU
		{A4AA317A-6958-4D0C-B2EE-026005FD2C2E}.Debug|Any CPU.ActiveCfg = Debug|Any CPU
		{A4AA317A-6958-4D0C-B2EE-026005FD2C2E}.Debug|Any CPU.Build.0 = Debug|Any CPU
		{A4AA317A-6958-4D0C-B2EE-026005FD2C2E}.Debug|Mixed Platforms.ActiveCfg = Debug|Any CPU
		{A4AA317A-6958-4D0C-B2EE-026005FD2C2E}.Debug|Mixed Platforms.Build.0 = Debug|Any CPU
		{A4AA317A-6958-4D0C-B2EE-026005FD2C2E}.Release|.NET.ActiveCfg = Release|Any CPU
		{A4AA317A-6958-4D0C-B2EE-026005FD2C2E}.Release|Any CPU.ActiveCfg = Release|Any CPU
		{A4AA317A-6958-4D0C-B2EE-026005FD2C2E}.Release|Any CPU.Build.0 = Release|Any CPU
		{A4AA317A-6958-4D0C-B2EE-026005FD2C2E}.Release|Mixed Platforms.ActiveCfg = Release|Any CPU
		{A4AA317A-6958-4D0C-B2EE-026005FD2C2E}.Release|Mixed Platforms.Build.0 = Release|Any CPU
		{45DAEB56-B84D-4D7A-BF22-293F1CE07DBB}.Debug|.NET.ActiveCfg = Debug|Any CPU
		{45DAEB56-B84D-4D7A-BF22-293F1CE07DBB}.Debug|Any CPU.ActiveCfg = Debug|Any CPU
		{45DAEB56-B84D-4D7A-BF22-293F1CE07DBB}.Debug|Any CPU.Build.0 = Debug|Any CPU
		{45DAEB56-B84D-4D7A-BF22-293F1CE07DBB}.Debug|Mixed Platforms.ActiveCfg = Debug|Any CPU
		{45DAEB56-B84D-4D7A-BF22-293F1CE07DBB}.Debug|Mixed Platforms.Build.0 = Debug|Any CPU
		{45DAEB56-B84D-4D7A-BF22-293F1CE07DBB}.Release|.NET.ActiveCfg = Release|Any CPU
		{45DAEB56-B84D-4D7A-BF22-293F1CE07DBB}.Release|Any CPU.ActiveCfg = Release|Any CPU
		{45DAEB56-B84D-4D7A-BF22-293F1CE07DBB}.Release|Any CPU.Build.0 = Release|Any CPU
		{45DAEB56-B84D-4D7A-BF22-293F1CE07DBB}.Release|Mixed Platforms.ActiveCfg = Release|Any CPU
		{45DAEB56-B84D-4D7A-BF22-293F1CE07DBB}.Release|Mixed Platforms.Build.0 = Release|Any CPU
		{3E9CA88C-03EC-445A-960A-242511B6EF55}.Debug|.NET.ActiveCfg = Debug|Any CPU
		{3E9CA88C-03EC-445A-960A-242511B6EF55}.Debug|Any CPU.ActiveCfg = Debug|Any CPU
		{3E9CA88C-03EC-445A-960A-242511B6EF55}.Debug|Any CPU.Build.0 = Debug|Any CPU
		{3E9CA88C-03EC-445A-960A-242511B6EF55}.Debug|Mixed Platforms.ActiveCfg = Debug|Any CPU
		{3E9CA88C-03EC-445A-960A-242511B6EF55}.Debug|Mixed Platforms.Build.0 = Debug|Any CPU
		{3E9CA88C-03EC-445A-960A-242511B6EF55}.Release|.NET.ActiveCfg = Release|Any CPU
		{3E9CA88C-03EC-445A-960A-242511B6EF55}.Release|Any CPU.ActiveCfg = Release|Any CPU
		{3E9CA88C-03EC-445A-960A-242511B6EF55}.Release|Any CPU.Build.0 = Release|Any CPU
		{3E9CA88C-03EC-445A-960A-242511B6EF55}.Release|Mixed Platforms.ActiveCfg = Release|Any CPU
		{3E9CA88C-03EC-445A-960A-242511B6EF55}.Release|Mixed Platforms.Build.0 = Release|Any CPU
		{59322C25-FCC6-4635-A7AD-DC811F2FD1E0}.Debug|.NET.ActiveCfg = Debug|Any CPU
		{59322C25-FCC6-4635-A7AD-DC811F2FD1E0}.Debug|Any CPU.ActiveCfg = Debug|Any CPU
		{59322C25-FCC6-4635-A7AD-DC811F2FD1E0}.Debug|Any CPU.Build.0 = Debug|Any CPU
		{59322C25-FCC6-4635-A7AD-DC811F2FD1E0}.Debug|Mixed Platforms.ActiveCfg = Debug|Any CPU
		{59322C25-FCC6-4635-A7AD-DC811F2FD1E0}.Debug|Mixed Platforms.Build.0 = Debug|Any CPU
		{59322C25-FCC6-4635-A7AD-DC811F2FD1E0}.Release|.NET.ActiveCfg = Release|Any CPU
		{59322C25-FCC6-4635-A7AD-DC811F2FD1E0}.Release|Any CPU.ActiveCfg = Release|Any CPU
		{59322C25-FCC6-4635-A7AD-DC811F2FD1E0}.Release|Any CPU.Build.0 = Release|Any CPU
		{59322C25-FCC6-4635-A7AD-DC811F2FD1E0}.Release|Mixed Platforms.ActiveCfg = Release|Any CPU
		{59322C25-FCC6-4635-A7AD-DC811F2FD1E0}.Release|Mixed Platforms.Build.0 = Release|Any CPU
		{6524B78A-CA15-41A8-80FA-216A5C99A369}.Debug|.NET.ActiveCfg = Debug|Any CPU
		{6524B78A-CA15-41A8-80FA-216A5C99A369}.Debug|Any CPU.ActiveCfg = Debug|Any CPU
		{6524B78A-CA15-41A8-80FA-216A5C99A369}.Debug|Any CPU.Build.0 = Debug|Any CPU
		{6524B78A-CA15-41A8-80FA-216A5C99A369}.Debug|Mixed Platforms.ActiveCfg = Debug|Any CPU
		{6524B78A-CA15-41A8-80FA-216A5C99A369}.Debug|Mixed Platforms.Build.0 = Debug|Any CPU
		{6524B78A-CA15-41A8-80FA-216A5C99A369}.Release|.NET.ActiveCfg = Release|Any CPU
		{6524B78A-CA15-41A8-80FA-216A5C99A369}.Release|Any CPU.ActiveCfg = Release|Any CPU
		{6524B78A-CA15-41A8-80FA-216A5C99A369}.Release|Any CPU.Build.0 = Release|Any CPU
		{6524B78A-CA15-41A8-80FA-216A5C99A369}.Release|Mixed Platforms.ActiveCfg = Release|Any CPU
		{6524B78A-CA15-41A8-80FA-216A5C99A369}.Release|Mixed Platforms.Build.0 = Release|Any CPU
		{AC909E22-26D0-47CF-98BC-DD07309D3A77}.Debug|.NET.ActiveCfg = Debug|Any CPU
		{AC909E22-26D0-47CF-98BC-DD07309D3A77}.Debug|Any CPU.ActiveCfg = Debug|Any CPU
		{AC909E22-26D0-47CF-98BC-DD07309D3A77}.Debug|Any CPU.Build.0 = Debug|Any CPU
		{AC909E22-26D0-47CF-98BC-DD07309D3A77}.Debug|Mixed Platforms.ActiveCfg = Debug|Any CPU
		{AC909E22-26D0-47CF-98BC-DD07309D3A77}.Debug|Mixed Platforms.Build.0 = Debug|Any CPU
		{AC909E22-26D0-47CF-98BC-DD07309D3A77}.Release|.NET.ActiveCfg = Release|Any CPU
		{AC909E22-26D0-47CF-98BC-DD07309D3A77}.Release|Any CPU.ActiveCfg = Release|Any CPU
		{AC909E22-26D0-47CF-98BC-DD07309D3A77}.Release|Any CPU.Build.0 = Release|Any CPU
		{AC909E22-26D0-47CF-98BC-DD07309D3A77}.Release|Mixed Platforms.ActiveCfg = Release|Any CPU
		{AC909E22-26D0-47CF-98BC-DD07309D3A77}.Release|Mixed Platforms.Build.0 = Release|Any CPU
		{106CED47-76BC-477E-9FFF-3E6042F874EB}.Debug|.NET.ActiveCfg = Debug|Any CPU
		{106CED47-76BC-477E-9FFF-3E6042F874EB}.Debug|Any CPU.ActiveCfg = Debug|Any CPU
		{106CED47-76BC-477E-9FFF-3E6042F874EB}.Debug|Any CPU.Build.0 = Debug|Any CPU
		{106CED47-76BC-477E-9FFF-3E6042F874EB}.Debug|Mixed Platforms.ActiveCfg = Debug|Any CPU
		{106CED47-76BC-477E-9FFF-3E6042F874EB}.Debug|Mixed Platforms.Build.0 = Debug|Any CPU
		{106CED47-76BC-477E-9FFF-3E6042F874EB}.Release|.NET.ActiveCfg = Release|Any CPU
		{106CED47-76BC-477E-9FFF-3E6042F874EB}.Release|Any CPU.ActiveCfg = Release|Any CPU
		{106CED47-76BC-477E-9FFF-3E6042F874EB}.Release|Any CPU.Build.0 = Release|Any CPU
		{106CED47-76BC-477E-9FFF-3E6042F874EB}.Release|Mixed Platforms.ActiveCfg = Release|Any CPU
		{106CED47-76BC-477E-9FFF-3E6042F874EB}.Release|Mixed Platforms.Build.0 = Release|Any CPU
		{C5FD24A4-9E79-426D-BD58-754CF2403CD5}.Debug|.NET.ActiveCfg = Debug|Any CPU
		{C5FD24A4-9E79-426D-BD58-754CF2403CD5}.Debug|.NET.Build.0 = Debug|Any CPU
		{C5FD24A4-9E79-426D-BD58-754CF2403CD5}.Debug|Any CPU.ActiveCfg = Debug|Any CPU
		{C5FD24A4-9E79-426D-BD58-754CF2403CD5}.Debug|Any CPU.Build.0 = Debug|Any CPU
		{C5FD24A4-9E79-426D-BD58-754CF2403CD5}.Debug|Mixed Platforms.ActiveCfg = Debug|Any CPU
		{C5FD24A4-9E79-426D-BD58-754CF2403CD5}.Debug|Mixed Platforms.Build.0 = Debug|Any CPU
		{C5FD24A4-9E79-426D-BD58-754CF2403CD5}.Release|.NET.ActiveCfg = Release|Any CPU
		{C5FD24A4-9E79-426D-BD58-754CF2403CD5}.Release|.NET.Build.0 = Release|Any CPU
		{C5FD24A4-9E79-426D-BD58-754CF2403CD5}.Release|Any CPU.ActiveCfg = Release|Any CPU
		{C5FD24A4-9E79-426D-BD58-754CF2403CD5}.Release|Any CPU.Build.0 = Release|Any CPU
		{C5FD24A4-9E79-426D-BD58-754CF2403CD5}.Release|Mixed Platforms.ActiveCfg = Release|Any CPU
		{C5FD24A4-9E79-426D-BD58-754CF2403CD5}.Release|Mixed Platforms.Build.0 = Release|Any CPU
		{6E36AEC5-29FE-4B53-9C46-AB6FC7075094}.Debug|.NET.ActiveCfg = Debug|Any CPU
		{6E36AEC5-29FE-4B53-9C46-AB6FC7075094}.Debug|.NET.Build.0 = Debug|Any CPU
		{6E36AEC5-29FE-4B53-9C46-AB6FC7075094}.Debug|Any CPU.ActiveCfg = Debug|Any CPU
		{6E36AEC5-29FE-4B53-9C46-AB6FC7075094}.Debug|Any CPU.Build.0 = Debug|Any CPU
		{6E36AEC5-29FE-4B53-9C46-AB6FC7075094}.Debug|Mixed Platforms.ActiveCfg = Debug|Any CPU
		{6E36AEC5-29FE-4B53-9C46-AB6FC7075094}.Debug|Mixed Platforms.Build.0 = Debug|Any CPU
		{6E36AEC5-29FE-4B53-9C46-AB6FC7075094}.Release|.NET.ActiveCfg = Release|Any CPU
		{6E36AEC5-29FE-4B53-9C46-AB6FC7075094}.Release|.NET.Build.0 = Release|Any CPU
		{6E36AEC5-29FE-4B53-9C46-AB6FC7075094}.Release|Any CPU.ActiveCfg = Release|Any CPU
		{6E36AEC5-29FE-4B53-9C46-AB6FC7075094}.Release|Any CPU.Build.0 = Release|Any CPU
		{6E36AEC5-29FE-4B53-9C46-AB6FC7075094}.Release|Mixed Platforms.ActiveCfg = Release|Any CPU
		{6E36AEC5-29FE-4B53-9C46-AB6FC7075094}.Release|Mixed Platforms.Build.0 = Release|Any CPU
		{06C162E5-0476-40F4-A705-8B5C265BFB68}.Debug|.NET.ActiveCfg = Debug|Any CPU
		{06C162E5-0476-40F4-A705-8B5C265BFB68}.Debug|.NET.Build.0 = Debug|Any CPU
		{06C162E5-0476-40F4-A705-8B5C265BFB68}.Debug|Any CPU.ActiveCfg = Debug|Any CPU
		{06C162E5-0476-40F4-A705-8B5C265BFB68}.Debug|Any CPU.Build.0 = Debug|Any CPU
		{06C162E5-0476-40F4-A705-8B5C265BFB68}.Debug|Mixed Platforms.ActiveCfg = Debug|Any CPU
		{06C162E5-0476-40F4-A705-8B5C265BFB68}.Debug|Mixed Platforms.Build.0 = Debug|Any CPU
		{06C162E5-0476-40F4-A705-8B5C265BFB68}.Release|.NET.ActiveCfg = Release|Any CPU
		{06C162E5-0476-40F4-A705-8B5C265BFB68}.Release|.NET.Build.0 = Release|Any CPU
		{06C162E5-0476-40F4-A705-8B5C265BFB68}.Release|Any CPU.ActiveCfg = Release|Any CPU
		{06C162E5-0476-40F4-A705-8B5C265BFB68}.Release|Any CPU.Build.0 = Release|Any CPU
		{06C162E5-0476-40F4-A705-8B5C265BFB68}.Release|Mixed Platforms.ActiveCfg = Release|Any CPU
		{06C162E5-0476-40F4-A705-8B5C265BFB68}.Release|Mixed Platforms.Build.0 = Release|Any CPU
		{589781E8-72E7-49D5-980A-335E7F567F65}.Debug|.NET.ActiveCfg = Debug|Any CPU
		{589781E8-72E7-49D5-980A-335E7F567F65}.Debug|.NET.Build.0 = Debug|Any CPU
		{589781E8-72E7-49D5-980A-335E7F567F65}.Debug|Any CPU.ActiveCfg = Debug|Any CPU
		{589781E8-72E7-49D5-980A-335E7F567F65}.Debug|Any CPU.Build.0 = Debug|Any CPU
		{589781E8-72E7-49D5-980A-335E7F567F65}.Debug|Mixed Platforms.ActiveCfg = Debug|Any CPU
		{589781E8-72E7-49D5-980A-335E7F567F65}.Debug|Mixed Platforms.Build.0 = Debug|Any CPU
		{589781E8-72E7-49D5-980A-335E7F567F65}.Release|.NET.ActiveCfg = Release|Any CPU
		{589781E8-72E7-49D5-980A-335E7F567F65}.Release|.NET.Build.0 = Release|Any CPU
		{589781E8-72E7-49D5-980A-335E7F567F65}.Release|Any CPU.ActiveCfg = Release|Any CPU
		{589781E8-72E7-49D5-980A-335E7F567F65}.Release|Any CPU.Build.0 = Release|Any CPU
		{589781E8-72E7-49D5-980A-335E7F567F65}.Release|Mixed Platforms.ActiveCfg = Release|Any CPU
		{589781E8-72E7-49D5-980A-335E7F567F65}.Release|Mixed Platforms.Build.0 = Release|Any CPU
		{70CAAB6F-36C0-46BF-8758-94D73A1BAF98}.Debug|.NET.ActiveCfg = Debug|Any CPU
		{70CAAB6F-36C0-46BF-8758-94D73A1BAF98}.Debug|.NET.Build.0 = Debug|Any CPU
		{70CAAB6F-36C0-46BF-8758-94D73A1BAF98}.Debug|Any CPU.ActiveCfg = Debug|Any CPU
		{70CAAB6F-36C0-46BF-8758-94D73A1BAF98}.Debug|Any CPU.Build.0 = Debug|Any CPU
		{70CAAB6F-36C0-46BF-8758-94D73A1BAF98}.Debug|Mixed Platforms.ActiveCfg = Debug|Any CPU
		{70CAAB6F-36C0-46BF-8758-94D73A1BAF98}.Debug|Mixed Platforms.Build.0 = Debug|Any CPU
		{70CAAB6F-36C0-46BF-8758-94D73A1BAF98}.Release|.NET.ActiveCfg = Release|Any CPU
		{70CAAB6F-36C0-46BF-8758-94D73A1BAF98}.Release|.NET.Build.0 = Release|Any CPU
		{70CAAB6F-36C0-46BF-8758-94D73A1BAF98}.Release|Any CPU.ActiveCfg = Release|Any CPU
		{70CAAB6F-36C0-46BF-8758-94D73A1BAF98}.Release|Any CPU.Build.0 = Release|Any CPU
		{70CAAB6F-36C0-46BF-8758-94D73A1BAF98}.Release|Mixed Platforms.ActiveCfg = Release|Any CPU
		{70CAAB6F-36C0-46BF-8758-94D73A1BAF98}.Release|Mixed Platforms.Build.0 = Release|Any CPU
	EndGlobalSection
	GlobalSection(SolutionProperties) = preSolution
		HideSolutionNode = FALSE
	EndGlobalSection
EndGlobal
