
Microsoft Visual Studio Solution File, Format Version 12.00
# Visual Studio 15
VisualStudioVersion = 15.0.26730.12
MinimumVisualStudioVersion = 10.0.40219.1
Project("{FAE04EC0-301F-11D3-BF4B-00C04F79EFBC}") = "NH.Bencher.Model", "NH\DAL\Model\NH.Bencher.Model.csproj", "{45DAEB56-B84D-4D7A-BF22-293F1CE07DBB}"
EndProject
Project("{FAE04EC0-301F-11D3-BF4B-00C04F79EFBC}") = "NH.Bencher.Persistence", "NH\DAL\Persistence\NH.Bencher.Persistence.csproj", "{3E9CA88C-03EC-445A-960A-242511B6EF55}"
EndProject
Project("{FAE04EC0-301F-11D3-BF4B-00C04F79EFBC}") = "L2S.Bencher", "L2S\DAL\L2S.Bencher.csproj", "{59322C25-FCC6-4635-A7AD-DC811F2FD1E0}"
EndProject
Project("{FAE04EC0-301F-11D3-BF4B-00C04F79EFBC}") = "EF6.Bencher.Model", "EF6\Model\EF6.Bencher.Model.csproj", "{6524B78A-CA15-41A8-80FA-216A5C99A369}"
EndProject
Project("{FAE04EC0-301F-11D3-BF4B-00C04F79EFBC}") = "EF6.Bencher.Persistence", "EF6\Persistence\EF6.Bencher.Persistence.csproj", "{AC909E22-26D0-47CF-98BC-DD07309D3A77}"
EndProject
Project("{FAE04EC0-301F-11D3-BF4B-00C04F79EFBC}") = "OakDynamicDb.Bencher", "OakDynamicDb.Bencher\OakDynamicDb.Bencher.csproj", "{106CED47-76BC-477E-9FFF-3E6042F874EB}"
EndProject
Project("{FAE04EC0-301F-11D3-BF4B-00C04F79EFBC}") = "LINQ2DB.Bencher", "LINQ2DB\DAL\LINQ2DB.Bencher.csproj", "{06C162E5-0476-40F4-A705-8B5C265BFB68}"
EndProject
Project("{FAE04EC0-301F-11D3-BF4B-00C04F79EFBC}") = "EFCore20.Bencher.Model", "EFCore2.0\Model\EFCore20.Bencher.Model.csproj", "{28A31C35-2BD2-4B82-9A61-8A11F5D3ECF1}"
EndProject
Project("{FAE04EC0-301F-11D3-BF4B-00C04F79EFBC}") = "EFCore20.Bencher.Persistence", "EFCore2.0\Persistence\EFCore20.Bencher.Persistence.csproj", "{8740C7BD-7007-4ADB-877C-DF1469DF6E2A}"
EndProject
Project("{FAE04EC0-301F-11D3-BF4B-00C04F79EFBC}") = "AdventureWorks.Dal.Adapter.v53", "LLBLGen53\AdventureWorks.Dal.Adapter.v53.csproj", "{E293317E-71F0-41C0-B004-BB30D5E04B47}"
EndProject
Project("{FAE04EC0-301F-11D3-BF4B-00C04F79EFBC}") = "AdventureWorks.Dal.Adapter.v53DBSpecific", "LLBLGen53\AdventureWorks.Dal.Adapter.v53DBSpecific.csproj", "{3AF5906A-7F38-4D12-893B-BFF557ACD27A}"
EndProject
Project("{FAE04EC0-301F-11D3-BF4B-00C04F79EFBC}") = "RawBencher", "RawBencher\RawBencher.csproj", "{A4AA317A-6958-4D0C-B2EE-026005FD2C2E}"
EndProject
Global
	GlobalSection(SolutionConfigurationPlatforms) = preSolution
		Debug|.NET = Debug|.NET
		Debug|Any CPU = Debug|Any CPU
		Debug|Mixed Platforms = Debug|Mixed Platforms
		Release|.NET = Release|.NET
		Release|Any CPU = Release|Any CPU
		Release|Mixed Platforms = Release|Mixed Platforms
	EndGlobalSection
	GlobalSection(ProjectConfigurationPlatforms) = postSolution
		{45DAEB56-B84D-4D7A-BF22-293F1CE07DBB}.Debug|.NET.ActiveCfg = Debug|Any CPU
		{45DAEB56-B84D-4D7A-BF22-293F1CE07DBB}.Debug|Any CPU.ActiveCfg = Debug|Any CPU
		{45DAEB56-B84D-4D7A-BF22-293F1CE07DBB}.Debug|Any CPU.Build.0 = Debug|Any CPU
		{45DAEB56-B84D-4D7A-BF22-293F1CE07DBB}.Debug|Mixed Platforms.ActiveCfg = Debug|Any CPU
		{45DAEB56-B84D-4D7A-BF22-293F1CE07DBB}.Debug|Mixed Platforms.Build.0 = Debug|Any CPU
		{45DAEB56-B84D-4D7A-BF22-293F1CE07DBB}.Release|.NET.ActiveCfg = Release|Any CPU
		{45DAEB56-B84D-4D7A-BF22-293F1CE07DBB}.Release|Any CPU.ActiveCfg = Release|Any CPU
		{45DAEB56-B84D-4D7A-BF22-293F1CE07DBB}.Release|Any CPU.Build.0 = Release|Any CPU
		{45DAEB56-B84D-4D7A-BF22-293F1CE07DBB}.Release|Mixed Platforms.ActiveCfg = Release|Any CPU
		{45DAEB56-B84D-4D7A-BF22-293F1CE07DBB}.Release|Mixed Platforms.Build.0 = Release|Any CPU
		{3E9CA88C-03EC-445A-960A-242511B6EF55}.Debug|.NET.ActiveCfg = Debug|Any CPU
		{3E9CA88C-03EC-445A-960A-242511B6EF55}.Debug|Any CPU.ActiveCfg = Debug|Any CPU
		{3E9CA88C-03EC-445A-960A-242511B6EF55}.Debug|Any CPU.Build.0 = Debug|Any CPU
		{3E9CA88C-03EC-445A-960A-242511B6EF55}.Debug|Mixed Platforms.ActiveCfg = Debug|Any CPU
		{3E9CA88C-03EC-445A-960A-242511B6EF55}.Debug|Mixed Platforms.Build.0 = Debug|Any CPU
		{3E9CA88C-03EC-445A-960A-242511B6EF55}.Release|.NET.ActiveCfg = Release|Any CPU
		{3E9CA88C-03EC-445A-960A-242511B6EF55}.Release|Any CPU.ActiveCfg = Release|Any CPU
		{3E9CA88C-03EC-445A-960A-242511B6EF55}.Release|Any CPU.Build.0 = Release|Any CPU
		{3E9CA88C-03EC-445A-960A-242511B6EF55}.Release|Mixed Platforms.ActiveCfg = Release|Any CPU
		{3E9CA88C-03EC-445A-960A-242511B6EF55}.Release|Mixed Platforms.Build.0 = Release|Any CPU
		{59322C25-FCC6-4635-A7AD-DC811F2FD1E0}.Debug|.NET.ActiveCfg = Debug|Any CPU
		{59322C25-FCC6-4635-A7AD-DC811F2FD1E0}.Debug|Any CPU.ActiveCfg = Debug|Any CPU
		{59322C25-FCC6-4635-A7AD-DC811F2FD1E0}.Debug|Any CPU.Build.0 = Debug|Any CPU
		{59322C25-FCC6-4635-A7AD-DC811F2FD1E0}.Debug|Mixed Platforms.ActiveCfg = Debug|Any CPU
		{59322C25-FCC6-4635-A7AD-DC811F2FD1E0}.Debug|Mixed Platforms.Build.0 = Debug|Any CPU
		{59322C25-FCC6-4635-A7AD-DC811F2FD1E0}.Release|.NET.ActiveCfg = Release|Any CPU
		{59322C25-FCC6-4635-A7AD-DC811F2FD1E0}.Release|Any CPU.ActiveCfg = Release|Any CPU
		{59322C25-FCC6-4635-A7AD-DC811F2FD1E0}.Release|Any CPU.Build.0 = Release|Any CPU
		{59322C25-FCC6-4635-A7AD-DC811F2FD1E0}.Release|Mixed Platforms.ActiveCfg = Release|Any CPU
		{59322C25-FCC6-4635-A7AD-DC811F2FD1E0}.Release|Mixed Platforms.Build.0 = Release|Any CPU
		{6524B78A-CA15-41A8-80FA-216A5C99A369}.Debug|.NET.ActiveCfg = Debug|Any CPU
		{6524B78A-CA15-41A8-80FA-216A5C99A369}.Debug|Any CPU.ActiveCfg = Debug|Any CPU
		{6524B78A-CA15-41A8-80FA-216A5C99A369}.Debug|Any CPU.Build.0 = Debug|Any CPU
		{6524B78A-CA15-41A8-80FA-216A5C99A369}.Debug|Mixed Platforms.ActiveCfg = Debug|Any CPU
		{6524B78A-CA15-41A8-80FA-216A5C99A369}.Debug|Mixed Platforms.Build.0 = Debug|Any CPU
		{6524B78A-CA15-41A8-80FA-216A5C99A369}.Release|.NET.ActiveCfg = Release|Any CPU
		{6524B78A-CA15-41A8-80FA-216A5C99A369}.Release|Any CPU.ActiveCfg = Release|Any CPU
		{6524B78A-CA15-41A8-80FA-216A5C99A369}.Release|Any CPU.Build.0 = Release|Any CPU
		{6524B78A-CA15-41A8-80FA-216A5C99A369}.Release|Mixed Platforms.ActiveCfg = Release|Any CPU
		{6524B78A-CA15-41A8-80FA-216A5C99A369}.Release|Mixed Platforms.Build.0 = Release|Any CPU
		{AC909E22-26D0-47CF-98BC-DD07309D3A77}.Debug|.NET.ActiveCfg = Debug|Any CPU
		{AC909E22-26D0-47CF-98BC-DD07309D3A77}.Debug|Any CPU.ActiveCfg = Debug|Any CPU
		{AC909E22-26D0-47CF-98BC-DD07309D3A77}.Debug|Any CPU.Build.0 = Debug|Any CPU
		{AC909E22-26D0-47CF-98BC-DD07309D3A77}.Debug|Mixed Platforms.ActiveCfg = Debug|Any CPU
		{AC909E22-26D0-47CF-98BC-DD07309D3A77}.Debug|Mixed Platforms.Build.0 = Debug|Any CPU
		{AC909E22-26D0-47CF-98BC-DD07309D3A77}.Release|.NET.ActiveCfg = Release|Any CPU
		{AC909E22-26D0-47CF-98BC-DD07309D3A77}.Release|Any CPU.ActiveCfg = Release|Any CPU
		{AC909E22-26D0-47CF-98BC-DD07309D3A77}.Release|Any CPU.Build.0 = Release|Any CPU
		{AC909E22-26D0-47CF-98BC-DD07309D3A77}.Release|Mixed Platforms.ActiveCfg = Release|Any CPU
		{AC909E22-26D0-47CF-98BC-DD07309D3A77}.Release|Mixed Platforms.Build.0 = Release|Any CPU
		{106CED47-76BC-477E-9FFF-3E6042F874EB}.Debug|.NET.ActiveCfg = Debug|Any CPU
		{106CED47-76BC-477E-9FFF-3E6042F874EB}.Debug|Any CPU.ActiveCfg = Debug|Any CPU
		{106CED47-76BC-477E-9FFF-3E6042F874EB}.Debug|Any CPU.Build.0 = Debug|Any CPU
		{106CED47-76BC-477E-9FFF-3E6042F874EB}.Debug|Mixed Platforms.ActiveCfg = Debug|Any CPU
		{106CED47-76BC-477E-9FFF-3E6042F874EB}.Debug|Mixed Platforms.Build.0 = Debug|Any CPU
		{106CED47-76BC-477E-9FFF-3E6042F874EB}.Release|.NET.ActiveCfg = Release|Any CPU
		{106CED47-76BC-477E-9FFF-3E6042F874EB}.Release|Any CPU.ActiveCfg = Release|Any CPU
		{106CED47-76BC-477E-9FFF-3E6042F874EB}.Release|Any CPU.Build.0 = Release|Any CPU
		{106CED47-76BC-477E-9FFF-3E6042F874EB}.Release|Mixed Platforms.ActiveCfg = Release|Any CPU
		{106CED47-76BC-477E-9FFF-3E6042F874EB}.Release|Mixed Platforms.Build.0 = Release|Any CPU
		{06C162E5-0476-40F4-A705-8B5C265BFB68}.Debug|.NET.ActiveCfg = Debug|Any CPU
		{06C162E5-0476-40F4-A705-8B5C265BFB68}.Debug|.NET.Build.0 = Debug|Any CPU
		{06C162E5-0476-40F4-A705-8B5C265BFB68}.Debug|Any CPU.ActiveCfg = Debug|Any CPU
		{06C162E5-0476-40F4-A705-8B5C265BFB68}.Debug|Any CPU.Build.0 = Debug|Any CPU
		{06C162E5-0476-40F4-A705-8B5C265BFB68}.Debug|Mixed Platforms.ActiveCfg = Debug|Any CPU
		{06C162E5-0476-40F4-A705-8B5C265BFB68}.Debug|Mixed Platforms.Build.0 = Debug|Any CPU
		{06C162E5-0476-40F4-A705-8B5C265BFB68}.Release|.NET.ActiveCfg = Release|Any CPU
		{06C162E5-0476-40F4-A705-8B5C265BFB68}.Release|.NET.Build.0 = Release|Any CPU
		{06C162E5-0476-40F4-A705-8B5C265BFB68}.Release|Any CPU.ActiveCfg = Release|Any CPU
		{06C162E5-0476-40F4-A705-8B5C265BFB68}.Release|Any CPU.Build.0 = Release|Any CPU
		{06C162E5-0476-40F4-A705-8B5C265BFB68}.Release|Mixed Platforms.ActiveCfg = Release|Any CPU
		{06C162E5-0476-40F4-A705-8B5C265BFB68}.Release|Mixed Platforms.Build.0 = Release|Any CPU
		{28A31C35-2BD2-4B82-9A61-8A11F5D3ECF1}.Debug|.NET.ActiveCfg = Debug|Any CPU
		{28A31C35-2BD2-4B82-9A61-8A11F5D3ECF1}.Debug|.NET.Build.0 = Debug|Any CPU
		{28A31C35-2BD2-4B82-9A61-8A11F5D3ECF1}.Debug|Any CPU.ActiveCfg = Debug|Any CPU
		{28A31C35-2BD2-4B82-9A61-8A11F5D3ECF1}.Debug|Any CPU.Build.0 = Debug|Any CPU
		{28A31C35-2BD2-4B82-9A61-8A11F5D3ECF1}.Debug|Mixed Platforms.ActiveCfg = Debug|Any CPU
		{28A31C35-2BD2-4B82-9A61-8A11F5D3ECF1}.Debug|Mixed Platforms.Build.0 = Debug|Any CPU
		{28A31C35-2BD2-4B82-9A61-8A11F5D3ECF1}.Release|.NET.ActiveCfg = Release|Any CPU
		{28A31C35-2BD2-4B82-9A61-8A11F5D3ECF1}.Release|.NET.Build.0 = Release|Any CPU
		{28A31C35-2BD2-4B82-9A61-8A11F5D3ECF1}.Release|Any CPU.ActiveCfg = Release|Any CPU
		{28A31C35-2BD2-4B82-9A61-8A11F5D3ECF1}.Release|Any CPU.Build.0 = Release|Any CPU
		{28A31C35-2BD2-4B82-9A61-8A11F5D3ECF1}.Release|Mixed Platforms.ActiveCfg = Release|Any CPU
		{28A31C35-2BD2-4B82-9A61-8A11F5D3ECF1}.Release|Mixed Platforms.Build.0 = Release|Any CPU
		{8740C7BD-7007-4ADB-877C-DF1469DF6E2A}.Debug|.NET.ActiveCfg = Debug|Any CPU
		{8740C7BD-7007-4ADB-877C-DF1469DF6E2A}.Debug|.NET.Build.0 = Debug|Any CPU
		{8740C7BD-7007-4ADB-877C-DF1469DF6E2A}.Debug|Any CPU.ActiveCfg = Debug|Any CPU
		{8740C7BD-7007-4ADB-877C-DF1469DF6E2A}.Debug|Any CPU.Build.0 = Debug|Any CPU
		{8740C7BD-7007-4ADB-877C-DF1469DF6E2A}.Debug|Mixed Platforms.ActiveCfg = Debug|Any CPU
		{8740C7BD-7007-4ADB-877C-DF1469DF6E2A}.Debug|Mixed Platforms.Build.0 = Debug|Any CPU
		{8740C7BD-7007-4ADB-877C-DF1469DF6E2A}.Release|.NET.ActiveCfg = Release|Any CPU
		{8740C7BD-7007-4ADB-877C-DF1469DF6E2A}.Release|.NET.Build.0 = Release|Any CPU
		{8740C7BD-7007-4ADB-877C-DF1469DF6E2A}.Release|Any CPU.ActiveCfg = Release|Any CPU
		{8740C7BD-7007-4ADB-877C-DF1469DF6E2A}.Release|Any CPU.Build.0 = Release|Any CPU
		{8740C7BD-7007-4ADB-877C-DF1469DF6E2A}.Release|Mixed Platforms.ActiveCfg = Release|Any CPU
		{8740C7BD-7007-4ADB-877C-DF1469DF6E2A}.Release|Mixed Platforms.Build.0 = Release|Any CPU
		{E293317E-71F0-41C0-B004-BB30D5E04B47}.Debug|.NET.ActiveCfg = Debug|Any CPU
		{E293317E-71F0-41C0-B004-BB30D5E04B47}.Debug|.NET.Build.0 = Debug|Any CPU
		{E293317E-71F0-41C0-B004-BB30D5E04B47}.Debug|Any CPU.ActiveCfg = Debug|Any CPU
		{E293317E-71F0-41C0-B004-BB30D5E04B47}.Debug|Any CPU.Build.0 = Debug|Any CPU
		{E293317E-71F0-41C0-B004-BB30D5E04B47}.Debug|Mixed Platforms.ActiveCfg = Debug|Any CPU
		{E293317E-71F0-41C0-B004-BB30D5E04B47}.Debug|Mixed Platforms.Build.0 = Debug|Any CPU
		{E293317E-71F0-41C0-B004-BB30D5E04B47}.Release|.NET.ActiveCfg = Release|Any CPU
		{E293317E-71F0-41C0-B004-BB30D5E04B47}.Release|.NET.Build.0 = Release|Any CPU
		{E293317E-71F0-41C0-B004-BB30D5E04B47}.Release|Any CPU.ActiveCfg = Release|Any CPU
		{E293317E-71F0-41C0-B004-BB30D5E04B47}.Release|Any CPU.Build.0 = Release|Any CPU
		{E293317E-71F0-41C0-B004-BB30D5E04B47}.Release|Mixed Platforms.ActiveCfg = Release|Any CPU
		{E293317E-71F0-41C0-B004-BB30D5E04B47}.Release|Mixed Platforms.Build.0 = Release|Any CPU
		{3AF5906A-7F38-4D12-893B-BFF557ACD27A}.Debug|.NET.ActiveCfg = Debug|Any CPU
		{3AF5906A-7F38-4D12-893B-BFF557ACD27A}.Debug|.NET.Build.0 = Debug|Any CPU
		{3AF5906A-7F38-4D12-893B-BFF557ACD27A}.Debug|Any CPU.ActiveCfg = Debug|Any CPU
		{3AF5906A-7F38-4D12-893B-BFF557ACD27A}.Debug|Any CPU.Build.0 = Debug|Any CPU
		{3AF5906A-7F38-4D12-893B-BFF557ACD27A}.Debug|Mixed Platforms.ActiveCfg = Debug|Any CPU
		{3AF5906A-7F38-4D12-893B-BFF557ACD27A}.Debug|Mixed Platforms.Build.0 = Debug|Any CPU
		{3AF5906A-7F38-4D12-893B-BFF557ACD27A}.Release|.NET.ActiveCfg = Release|Any CPU
		{3AF5906A-7F38-4D12-893B-BFF557ACD27A}.Release|.NET.Build.0 = Release|Any CPU
		{3AF5906A-7F38-4D12-893B-BFF557ACD27A}.Release|Any CPU.ActiveCfg = Release|Any CPU
		{3AF5906A-7F38-4D12-893B-BFF557ACD27A}.Release|Any CPU.Build.0 = Release|Any CPU
		{3AF5906A-7F38-4D12-893B-BFF557ACD27A}.Release|Mixed Platforms.ActiveCfg = Release|Any CPU
		{3AF5906A-7F38-4D12-893B-BFF557ACD27A}.Release|Mixed Platforms.Build.0 = Release|Any CPU
		{A4AA317A-6958-4D0C-B2EE-026005FD2C2E}.Debug|.NET.ActiveCfg = Debug|Any CPU
		{A4AA317A-6958-4D0C-B2EE-026005FD2C2E}.Debug|.NET.Build.0 = Debug|Any CPU
		{A4AA317A-6958-4D0C-B2EE-026005FD2C2E}.Debug|Any CPU.ActiveCfg = Debug|Any CPU
		{A4AA317A-6958-4D0C-B2EE-026005FD2C2E}.Debug|Any CPU.Build.0 = Debug|Any CPU
		{A4AA317A-6958-4D0C-B2EE-026005FD2C2E}.Debug|Mixed Platforms.ActiveCfg = Debug|Any CPU
		{A4AA317A-6958-4D0C-B2EE-026005FD2C2E}.Debug|Mixed Platforms.Build.0 = Debug|Any CPU
		{A4AA317A-6958-4D0C-B2EE-026005FD2C2E}.Release|.NET.ActiveCfg = Release|Any CPU
		{A4AA317A-6958-4D0C-B2EE-026005FD2C2E}.Release|.NET.Build.0 = Release|Any CPU
		{A4AA317A-6958-4D0C-B2EE-026005FD2C2E}.Release|Any CPU.ActiveCfg = Release|Any CPU
		{A4AA317A-6958-4D0C-B2EE-026005FD2C2E}.Release|Any CPU.Build.0 = Release|Any CPU
		{A4AA317A-6958-4D0C-B2EE-026005FD2C2E}.Release|Mixed Platforms.ActiveCfg = Release|Any CPU
		{A4AA317A-6958-4D0C-B2EE-026005FD2C2E}.Release|Mixed Platforms.Build.0 = Release|Any CPU
	EndGlobalSection
	GlobalSection(SolutionProperties) = preSolution
		HideSolutionNode = FALSE
	EndGlobalSection
	GlobalSection(ExtensibilityGlobals) = postSolution
		SolutionGuid = {702D7ECD-0985-4E37-BFBE-F3BED8831C4E}
	EndGlobalSection
EndGlobal
