
Microsoft Visual Studio Solution File, Format Version 12.00
# Visual Studio 2013
VisualStudioVersion = 12.0.30110.0
MinimumVisualStudioVersion = 10.0.40219.1
Project("{FAE04EC0-301F-11D3-BF4B-00C04F79EFBC}") = "RawBencher", "RawBencher\RawBencher.csproj", "{A4AA317A-6958-4D0C-B2EE-026005FD2C2E}"
EndProject
Project("{FAE04EC0-301F-11D3-BF4B-00C04F79EFBC}") = "NH.Bencher.Model", "NH\DAL\Model\NH.Bencher.Model.csproj", "{45DAEB56-B84D-4D7A-BF22-293F1CE07DBB}"
EndProject
Project("{FAE04EC0-301F-11D3-BF4B-00C04F79EFBC}") = "NH.Bencher.Persistence", "NH\DAL\Persistence\NH.Bencher.Persistence.csproj", "{3E9CA88C-03EC-445A-960A-242511B6EF55}"
EndProject
Project("{FAE04EC0-301F-11D3-BF4B-00C04F79EFBC}") = "L2S.Bencher", "L2S\DAL\L2S.Bencher.csproj", "{59322C25-FCC6-4635-A7AD-DC811F2FD1E0}"
EndProject
Project("{FAE04EC0-301F-11D3-BF4B-00C04F79EFBC}") = "AdventureWorks.Dal.Adapter.v41", "LLBLGen41\AdventureWorks.Dal.Adapter.v41.csproj", "{1C2FE026-D4C8-4A12-9348-EF93B8BB827A}"
EndProject
Project("{FAE04EC0-301F-11D3-BF4B-00C04F79EFBC}") = "AdventureWorks.Dal.Adapter.v41DBSpecific", "LLBLGen41\AdventureWorks.Dal.Adapter.v41DBSpecific.csproj", "{B0BEEB85-4A11-4169-9444-56AEB8CDB4C1}"
EndProject
Project("{FAE04EC0-301F-11D3-BF4B-00C04F79EFBC}") = "EF6.Bencher.Model", "EF6\Model\EF6.Bencher.Model.csproj", "{6524B78A-CA15-41A8-80FA-216A5C99A369}"
EndProject
Project("{FAE04EC0-301F-11D3-BF4B-00C04F79EFBC}") = "EF6.Bencher.Persistence", "EF6\Persistence\EF6.Bencher.Persistence.csproj", "{AC909E22-26D0-47CF-98BC-DD07309D3A77}"
EndProject
Project("{FAE04EC0-301F-11D3-BF4B-00C04F79EFBC}") = "OakDynamicDb.Bencher", "OakDynamicDb.Bencher\OakDynamicDb.Bencher.csproj", "{106CED47-76BC-477E-9FFF-3E6042F874EB}"
EndProject
Project("{2150E333-8FDC-42A3-9474-1A3956D46DE8}") = "Solution Items", "Solution Items", "{7AAA3D4F-399E-4C54-AF62-82496C3A975F}"
	ProjectSection(SolutionItems) = preProject
		Performance1.psess = Performance1.psess
		Performance2.psess = Performance2.psess
	EndProjectSection
EndProject
Project("{FAE04EC0-301F-11D3-BF4B-00C04F79EFBC}") = "TDA.Bencher", "TDA.Bencher\TDA.Bencher.csproj", "{DDB61239-988E-41E3-B583-36EB3B0BD2B1}"
EndProject
Global
	GlobalSection(SolutionConfigurationPlatforms) = preSolution
		Debug|Any CPU = Debug|Any CPU
		Release|Any CPU = Release|Any CPU
	EndGlobalSection
	GlobalSection(ProjectConfigurationPlatforms) = postSolution
		{A4AA317A-6958-4D0C-B2EE-026005FD2C2E}.Debug|Any CPU.ActiveCfg = Debug|Any CPU
		{A4AA317A-6958-4D0C-B2EE-026005FD2C2E}.Debug|Any CPU.Build.0 = Debug|Any CPU
		{A4AA317A-6958-4D0C-B2EE-026005FD2C2E}.Release|Any CPU.ActiveCfg = Release|Any CPU
		{A4AA317A-6958-4D0C-B2EE-026005FD2C2E}.Release|Any CPU.Build.0 = Release|Any CPU
		{45DAEB56-B84D-4D7A-BF22-293F1CE07DBB}.Debug|Any CPU.ActiveCfg = Debug|Any CPU
		{45DAEB56-B84D-4D7A-BF22-293F1CE07DBB}.Debug|Any CPU.Build.0 = Debug|Any CPU
		{45DAEB56-B84D-4D7A-BF22-293F1CE07DBB}.Release|Any CPU.ActiveCfg = Release|Any CPU
		{45DAEB56-B84D-4D7A-BF22-293F1CE07DBB}.Release|Any CPU.Build.0 = Release|Any CPU
		{3E9CA88C-03EC-445A-960A-242511B6EF55}.Debug|Any CPU.ActiveCfg = Debug|Any CPU
		{3E9CA88C-03EC-445A-960A-242511B6EF55}.Debug|Any CPU.Build.0 = Debug|Any CPU
		{3E9CA88C-03EC-445A-960A-242511B6EF55}.Release|Any CPU.ActiveCfg = Release|Any CPU
		{3E9CA88C-03EC-445A-960A-242511B6EF55}.Release|Any CPU.Build.0 = Release|Any CPU
		{59322C25-FCC6-4635-A7AD-DC811F2FD1E0}.Debug|Any CPU.ActiveCfg = Debug|Any CPU
		{59322C25-FCC6-4635-A7AD-DC811F2FD1E0}.Debug|Any CPU.Build.0 = Debug|Any CPU
		{59322C25-FCC6-4635-A7AD-DC811F2FD1E0}.Release|Any CPU.ActiveCfg = Release|Any CPU
		{59322C25-FCC6-4635-A7AD-DC811F2FD1E0}.Release|Any CPU.Build.0 = Release|Any CPU
		{1C2FE026-D4C8-4A12-9348-EF93B8BB827A}.Debug|Any CPU.ActiveCfg = Debug|Any CPU
		{1C2FE026-D4C8-4A12-9348-EF93B8BB827A}.Debug|Any CPU.Build.0 = Debug|Any CPU
		{1C2FE026-D4C8-4A12-9348-EF93B8BB827A}.Release|Any CPU.ActiveCfg = Release|Any CPU
		{1C2FE026-D4C8-4A12-9348-EF93B8BB827A}.Release|Any CPU.Build.0 = Release|Any CPU
		{B0BEEB85-4A11-4169-9444-56AEB8CDB4C1}.Debug|Any CPU.ActiveCfg = Debug|Any CPU
		{B0BEEB85-4A11-4169-9444-56AEB8CDB4C1}.Debug|Any CPU.Build.0 = Debug|Any CPU
		{B0BEEB85-4A11-4169-9444-56AEB8CDB4C1}.Release|Any CPU.ActiveCfg = Release|Any CPU
		{B0BEEB85-4A11-4169-9444-56AEB8CDB4C1}.Release|Any CPU.Build.0 = Release|Any CPU
		{6524B78A-CA15-41A8-80FA-216A5C99A369}.Debug|Any CPU.ActiveCfg = Debug|Any CPU
		{6524B78A-CA15-41A8-80FA-216A5C99A369}.Debug|Any CPU.Build.0 = Debug|Any CPU
		{6524B78A-CA15-41A8-80FA-216A5C99A369}.Release|Any CPU.ActiveCfg = Release|Any CPU
		{6524B78A-CA15-41A8-80FA-216A5C99A369}.Release|Any CPU.Build.0 = Release|Any CPU
		{AC909E22-26D0-47CF-98BC-DD07309D3A77}.Debug|Any CPU.ActiveCfg = Debug|Any CPU
		{AC909E22-26D0-47CF-98BC-DD07309D3A77}.Debug|Any CPU.Build.0 = Debug|Any CPU
		{AC909E22-26D0-47CF-98BC-DD07309D3A77}.Release|Any CPU.ActiveCfg = Release|Any CPU
		{AC909E22-26D0-47CF-98BC-DD07309D3A77}.Release|Any CPU.Build.0 = Release|Any CPU
		{106CED47-76BC-477E-9FFF-3E6042F874EB}.Debug|Any CPU.ActiveCfg = Debug|Any CPU
		{106CED47-76BC-477E-9FFF-3E6042F874EB}.Debug|Any CPU.Build.0 = Debug|Any CPU
		{106CED47-76BC-477E-9FFF-3E6042F874EB}.Release|Any CPU.ActiveCfg = Release|Any CPU
		{106CED47-76BC-477E-9FFF-3E6042F874EB}.Release|Any CPU.Build.0 = Release|Any CPU
		{DDB61239-988E-41E3-B583-36EB3B0BD2B1}.Debug|Any CPU.ActiveCfg = Debug|Any CPU
		{DDB61239-988E-41E3-B583-36EB3B0BD2B1}.Debug|Any CPU.Build.0 = Debug|Any CPU
		{DDB61239-988E-41E3-B583-36EB3B0BD2B1}.Release|Any CPU.ActiveCfg = Release|Any CPU
		{DDB61239-988E-41E3-B583-36EB3B0BD2B1}.Release|Any CPU.Build.0 = Release|Any CPU
	EndGlobalSection
	GlobalSection(SolutionProperties) = preSolution
		HideSolutionNode = FALSE
	EndGlobalSection
	GlobalSection(Performance) = preSolution
		HasPerformanceSessions = true
	EndGlobalSection
EndGlobal
