
Microsoft Visual Studio Solution File, Format Version 12.00
# Visual Studio Version 16
VisualStudioVersion = 16.0.29209.62
MinimumVisualStudioVersion = 10.0.40219.1
Project("{FAE04EC0-301F-11D3-BF4B-00C04F79EFBC}") = "LLBL2003.AdventureWorks2008", "LLBL2003.AdventureWorks2008.csproj", "{6058353E-675D-495E-BF77-73043CF32ACC}"
EndProject
Global
	GlobalSection(SolutionConfigurationPlatforms) = preSolution
		Debug|Any CPU = Debug|Any CPU
		Release|Any CPU = Release|Any CPU
	EndGlobalSection
	GlobalSection(ProjectConfigurationPlatforms) = postSolution
		{6058353E-675D-495E-BF77-73043CF32ACC}.Debug|Any CPU.ActiveCfg = Debug|Any CPU
		{6058353E-675D-495E-BF77-73043CF32ACC}.Debug|Any CPU.Build.0 = Debug|Any CPU
		{6058353E-675D-495E-BF77-73043CF32ACC}.Release|Any CPU.ActiveCfg = Release|Any CPU
		{6058353E-675D-495E-BF77-73043CF32ACC}.Release|Any CPU.Build.0 = Release|Any CPU
	EndGlobalSection
	GlobalSection(SolutionProperties) = preSolution
		HideSolutionNode = FALSE
	EndGlobalSection
	GlobalSection(ExtensibilityGlobals) = postSolution
		SolutionGuid = {29352D63-EFFC-4BF7-AA0A-E4FF51168E62}
	EndGlobalSection
EndGlobal
